
Microsoft Visual Studio Solution File, Format Version 12.00
# Visual Studio Version 16
VisualStudioVersion = 16.0.29728.190
MinimumVisualStudioVersion = 10.0.40219.1
Project("{FAE04EC0-301F-11D3-BF4B-00C04F79EFBC}") = "MVC_IA", "MVC_IA\MVC_IA.csproj", "{F5180CD0-6850-46A9-A1C0-C0622612323D}"
EndProject
Global
	GlobalSection(SolutionConfigurationPlatforms) = preSolution
		Debug|Any CPU = Debug|Any CPU
		Release|Any CPU = Release|Any CPU
	EndGlobalSection
	GlobalSection(ProjectConfigurationPlatforms) = postSolution
		{F5180CD0-6850-46A9-A1C0-C0622612323D}.Debug|Any CPU.ActiveCfg = Debug|Any CPU
		{F5180CD0-6850-46A9-A1C0-C0622612323D}.Debug|Any CPU.Build.0 = Debug|Any CPU
		{F5180CD0-6850-46A9-A1C0-C0622612323D}.Release|Any CPU.ActiveCfg = Release|Any CPU
		{F5180CD0-6850-46A9-A1C0-C0622612323D}.Release|Any CPU.Build.0 = Release|Any CPU
	EndGlobalSection
	GlobalSection(SolutionProperties) = preSolution
		HideSolutionNode = FALSE
	EndGlobalSection
	GlobalSection(ExtensibilityGlobals) = postSolution
		SolutionGuid = {10E7D700-A4AA-4952-A81C-18895ED26822}
	EndGlobalSection
EndGlobal
